
Microsoft Visual Studio Solution File, Format Version 12.00
Project("{FAE04EC0-301F-11D3-BF4B-00C04F79EFBC}") = "Web", "Web\Web.csproj", "{1FB15CE8-3B41-4F63-A68E-6F23F4309A59}"
EndProject
Project("{FAE04EC0-301F-11D3-BF4B-00C04F79EFBC}") = "CustomMiddleware.Tests", "CustomMiddleware.Tests\CustomMiddleware.Tests.csproj", "{4F4364B1-550F-4128-886E-A9FAEF9429BB}"
EndProject
Global
	GlobalSection(SolutionConfigurationPlatforms) = preSolution
		Debug|Any CPU = Debug|Any CPU
		Release|Any CPU = Release|Any CPU
	EndGlobalSection
	GlobalSection(ProjectConfigurationPlatforms) = postSolution
		{1FB15CE8-3B41-4F63-A68E-6F23F4309A59}.Debug|Any CPU.ActiveCfg = Debug|Any CPU
		{1FB15CE8-3B41-4F63-A68E-6F23F4309A59}.Debug|Any CPU.Build.0 = Debug|Any CPU
		{1FB15CE8-3B41-4F63-A68E-6F23F4309A59}.Release|Any CPU.ActiveCfg = Release|Any CPU
		{1FB15CE8-3B41-4F63-A68E-6F23F4309A59}.Release|Any CPU.Build.0 = Release|Any CPU
		{4F4364B1-550F-4128-886E-A9FAEF9429BB}.Debug|Any CPU.ActiveCfg = Debug|Any CPU
		{4F4364B1-550F-4128-886E-A9FAEF9429BB}.Debug|Any CPU.Build.0 = Debug|Any CPU
		{4F4364B1-550F-4128-886E-A9FAEF9429BB}.Release|Any CPU.ActiveCfg = Release|Any CPU
		{4F4364B1-550F-4128-886E-A9FAEF9429BB}.Release|Any CPU.Build.0 = Release|Any CPU
	EndGlobalSection
EndGlobal
